
Microsoft Visual Studio Solution File, Format Version 12.00
# Visual Studio 14
VisualStudioVersion = 14.0.25420.1
MinimumVisualStudioVersion = 10.0.40219.1
Project("{FAE04EC0-301F-11D3-BF4B-00C04F79EFBC}") = "VGOLibrary", "VGOLibrary\VGOLibrary.csproj", "{B30BDBF3-0FEF-4AE2-A7DF-791A2A669534}"
EndProject
Project("{FAE04EC0-301F-11D3-BF4B-00C04F79EFBC}") = "Model", "Model\Model.csproj", "{F3A8833F-BE9C-40C1-A9BD-F3E009B65070}"
EndProject
Project("{FAE04EC0-301F-11D3-BF4B-00C04F79EFBC}") = "ViewModel", "ViewModel\ViewModel.csproj", "{011EEAB0-2531-46BF-8CFB-C5CF73502003}"
EndProject
Project("{FAE04EC0-301F-11D3-BF4B-00C04F79EFBC}") = "View", "View\View.csproj", "{CA61D708-918A-4B3A-8D07-89D51322419E}"
EndProject
Global
	GlobalSection(SolutionConfigurationPlatforms) = preSolution
		Debug|Any CPU = Debug|Any CPU
		Release|Any CPU = Release|Any CPU
	EndGlobalSection
	GlobalSection(ProjectConfigurationPlatforms) = postSolution
		{B30BDBF3-0FEF-4AE2-A7DF-791A2A669534}.Debug|Any CPU.ActiveCfg = Debug|Any CPU
		{B30BDBF3-0FEF-4AE2-A7DF-791A2A669534}.Debug|Any CPU.Build.0 = Debug|Any CPU
		{B30BDBF3-0FEF-4AE2-A7DF-791A2A669534}.Release|Any CPU.ActiveCfg = Release|Any CPU
		{B30BDBF3-0FEF-4AE2-A7DF-791A2A669534}.Release|Any CPU.Build.0 = Release|Any CPU
		{F3A8833F-BE9C-40C1-A9BD-F3E009B65070}.Debug|Any CPU.ActiveCfg = Debug|Any CPU
		{F3A8833F-BE9C-40C1-A9BD-F3E009B65070}.Debug|Any CPU.Build.0 = Debug|Any CPU
		{F3A8833F-BE9C-40C1-A9BD-F3E009B65070}.Release|Any CPU.ActiveCfg = Release|Any CPU
		{F3A8833F-BE9C-40C1-A9BD-F3E009B65070}.Release|Any CPU.Build.0 = Release|Any CPU
		{011EEAB0-2531-46BF-8CFB-C5CF73502003}.Debug|Any CPU.ActiveCfg = Debug|Any CPU
		{011EEAB0-2531-46BF-8CFB-C5CF73502003}.Debug|Any CPU.Build.0 = Debug|Any CPU
		{011EEAB0-2531-46BF-8CFB-C5CF73502003}.Release|Any CPU.ActiveCfg = Release|Any CPU
		{011EEAB0-2531-46BF-8CFB-C5CF73502003}.Release|Any CPU.Build.0 = Release|Any CPU
		{CA61D708-918A-4B3A-8D07-89D51322419E}.Debug|Any CPU.ActiveCfg = Debug|Any CPU
		{CA61D708-918A-4B3A-8D07-89D51322419E}.Debug|Any CPU.Build.0 = Debug|Any CPU
		{CA61D708-918A-4B3A-8D07-89D51322419E}.Release|Any CPU.ActiveCfg = Release|Any CPU
		{CA61D708-918A-4B3A-8D07-89D51322419E}.Release|Any CPU.Build.0 = Release|Any CPU
	EndGlobalSection
	GlobalSection(SolutionProperties) = preSolution
		HideSolutionNode = FALSE
	EndGlobalSection
EndGlobal
